// !$*UTF8*$!
{
	archiveVersion = 1;
	classes = {
	};
	objectVersion = 56;
	objects = {

/* Begin PBXBuildFile section */
		84B894592B30AC2800325BCE /* autoCalenderApp.swift in Sources */ = {isa = PBXBuildFile; fileRef = 84B894582B30AC2800325BCE /* autoCalenderApp.swift */; };
		84B8945B2B30AC2800325BCE /* ContentView.swift in Sources */ = {isa = PBXBuildFile; fileRef = 84B8945A2B30AC2800325BCE /* ContentView.swift */; };
		84B8945D2B30AC2800325BCE /* Item.swift in Sources */ = {isa = PBXBuildFile; fileRef = 84B8945C2B30AC2800325BCE /* Item.swift */; };
		84B8945F2B30AC2900325BCE /* Assets.xcassets in Resources */ = {isa = PBXBuildFile; fileRef = 84B8945E2B30AC2900325BCE /* Assets.xcassets */; };
		84B894622B30AC2900325BCE /* Preview Assets.xcassets in Resources */ = {isa = PBXBuildFile; fileRef = 84B894612B30AC2900325BCE /* Preview Assets.xcassets */; };
		84B8946C2B30AC2A00325BCE /* autoCalenderTests.swift in Sources */ = {isa = PBXBuildFile; fileRef = 84B8946B2B30AC2A00325BCE /* autoCalenderTests.swift */; };
		84B894762B30AC2A00325BCE /* autoCalenderUITests.swift in Sources */ = {isa = PBXBuildFile; fileRef = 84B894752B30AC2A00325BCE /* autoCalenderUITests.swift */; };
		84B894782B30AC2A00325BCE /* autoCalenderUITestsLaunchTests.swift in Sources */ = {isa = PBXBuildFile; fileRef = 84B894772B30AC2A00325BCE /* autoCalenderUITestsLaunchTests.swift */; };
/* End PBXBuildFile section */

/* Begin PBXContainerItemProxy section */
		84B894682B30AC2A00325BCE /* PBXContainerItemProxy */ = {
			isa = PBXContainerItemProxy;
			containerPortal = 84B8944D2B30AC2800325BCE /* Project object */;
			proxyType = 1;
			remoteGlobalIDString = 84B894542B30AC2800325BCE;
			remoteInfo = autoCalender;
		};
		84B894722B30AC2A00325BCE /* PBXContainerItemProxy */ = {
			isa = PBXContainerItemProxy;
			containerPortal = 84B8944D2B30AC2800325BCE /* Project object */;
			proxyType = 1;
			remoteGlobalIDString = 84B894542B30AC2800325BCE;
			remoteInfo = autoCalender;
		};
/* End PBXContainerItemProxy section */

/* Begin PBXFileReference section */
		84B894552B30AC2800325BCE /* autoCalender.app */ = {isa = PBXFileReference; explicitFileType = wrapper.application; includeInIndex = 0; path = autoCalender.app; sourceTree = BUILT_PRODUCTS_DIR; };
		84B894582B30AC2800325BCE /* autoCalenderApp.swift */ = {isa = PBXFileReference; lastKnownFileType = sourcecode.swift; path = autoCalenderApp.swift; sourceTree = "<group>"; };
		84B8945A2B30AC2800325BCE /* ContentView.swift */ = {isa = PBXFileReference; lastKnownFileType = sourcecode.swift; path = ContentView.swift; sourceTree = "<group>"; };
		84B8945C2B30AC2800325BCE /* Item.swift */ = {isa = PBXFileReference; lastKnownFileType = sourcecode.swift; path = Item.swift; sourceTree = "<group>"; };
		84B8945E2B30AC2900325BCE /* Assets.xcassets */ = {isa = PBXFileReference; lastKnownFileType = folder.assetcatalog; path = Assets.xcassets; sourceTree = "<group>"; };
		84B894612B30AC2900325BCE /* Preview Assets.xcassets */ = {isa = PBXFileReference; lastKnownFileType = folder.assetcatalog; path = "Preview Assets.xcassets"; sourceTree = "<group>"; };
		84B894672B30AC2A00325BCE /* autoCalenderTests.xctest */ = {isa = PBXFileReference; explicitFileType = wrapper.cfbundle; includeInIndex = 0; path = autoCalenderTests.xctest; sourceTree = BUILT_PRODUCTS_DIR; };
		84B8946B2B30AC2A00325BCE /* autoCalenderTests.swift */ = {isa = PBXFileReference; lastKnownFileType = sourcecode.swift; path = autoCalenderTests.swift; sourceTree = "<group>"; };
		84B894712B30AC2A00325BCE /* autoCalenderUITests.xctest */ = {isa = PBXFileReference; explicitFileType = wrapper.cfbundle; includeInIndex = 0; path = autoCalenderUITests.xctest; sourceTree = BUILT_PRODUCTS_DIR; };
		84B894752B30AC2A00325BCE /* autoCalenderUITests.swift */ = {isa = PBXFileReference; lastKnownFileType = sourcecode.swift; path = autoCalenderUITests.swift; sourceTree = "<group>"; };
		84B894772B30AC2A00325BCE /* autoCalenderUITestsLaunchTests.swift */ = {isa = PBXFileReference; lastKnownFileType = sourcecode.swift; path = autoCalenderUITestsLaunchTests.swift; sourceTree = "<group>"; };
/* End PBXFileReference section */

/* Begin PBXFrameworksBuildPhase section */
		84B894522B30AC2800325BCE /* Frameworks */ = {
			isa = PBXFrameworksBuildPhase;
			buildActionMask = 2147483647;
			files = (
			);
			runOnlyForDeploymentPostprocessing = 0;
		};
		84B894642B30AC2A00325BCE /* Frameworks */ = {
			isa = PBXFrameworksBuildPhase;
			buildActionMask = 2147483647;
			files = (
			);
			runOnlyForDeploymentPostprocessing = 0;
		};
		84B8946E2B30AC2A00325BCE /* Frameworks */ = {
			isa = PBXFrameworksBuildPhase;
			buildActionMask = 2147483647;
			files = (
			);
			runOnlyForDeploymentPostprocessing = 0;
		};
/* End PBXFrameworksBuildPhase section */

/* Begin PBXGroup section */
		84B8944C2B30AC2800325BCE = {
			isa = PBXGroup;
			children = (
				84B894572B30AC2800325BCE /* autoCalender */,
				84B8946A2B30AC2A00325BCE /* autoCalenderTests */,
				84B894742B30AC2A00325BCE /* autoCalenderUITests */,
				84B894562B30AC2800325BCE /* Products */,
			);
			sourceTree = "<group>";
		};
		84B894562B30AC2800325BCE /* Products */ = {
			isa = PBXGroup;
			children = (
				84B894552B30AC2800325BCE /* autoCalender.app */,
				84B894672B30AC2A00325BCE /* autoCalenderTests.xctest */,
				84B894712B30AC2A00325BCE /* autoCalenderUITests.xctest */,
			);
			name = Products;
			sourceTree = "<group>";
		};
		84B894572B30AC2800325BCE /* autoCalender */ = {
			isa = PBXGroup;
			children = (
				84B894582B30AC2800325BCE /* autoCalenderApp.swift */,
				84B8945A2B30AC2800325BCE /* ContentView.swift */,
				84B8945C2B30AC2800325BCE /* Item.swift */,
				84B8945E2B30AC2900325BCE /* Assets.xcassets */,
				84B894602B30AC2900325BCE /* Preview Content */,
			);
			path = autoCalender;
			sourceTree = "<group>";
		};
		84B894602B30AC2900325BCE /* Preview Content */ = {
			isa = PBXGroup;
			children = (
				84B894612B30AC2900325BCE /* Preview Assets.xcassets */,
			);
			path = "Preview Content";
			sourceTree = "<group>";
		};
		84B8946A2B30AC2A00325BCE /* autoCalenderTests */ = {
			isa = PBXGroup;
			children = (
				84B8946B2B30AC2A00325BCE /* autoCalenderTests.swift */,
			);
			path = autoCalenderTests;
			sourceTree = "<group>";
		};
		84B894742B30AC2A00325BCE /* autoCalenderUITests */ = {
			isa = PBXGroup;
			children = (
				84B894752B30AC2A00325BCE /* autoCalenderUITests.swift */,
				84B894772B30AC2A00325BCE /* autoCalenderUITestsLaunchTests.swift */,
			);
			path = autoCalenderUITests;
			sourceTree = "<group>";
		};
/* End PBXGroup section */

/* Begin PBXNativeTarget section */
		84B894542B30AC2800325BCE /* autoCalender */ = {
			isa = PBXNativeTarget;
			buildConfigurationList = 84B8947B2B30AC2A00325BCE /* Build configuration list for PBXNativeTarget "autoCalender" */;
			buildPhases = (
				84B894512B30AC2800325BCE /* Sources */,
				84B894522B30AC2800325BCE /* Frameworks */,
				84B894532B30AC2800325BCE /* Resources */,
			);
			buildRules = (
			);
			dependencies = (
			);
			name = autoCalender;
			productName = autoCalender;
			productReference = 84B894552B30AC2800325BCE /* autoCalender.app */;
			productType = "com.apple.product-type.application";
		};
		84B894662B30AC2A00325BCE /* autoCalenderTests */ = {
			isa = PBXNativeTarget;
			buildConfigurationList = 84B8947E2B30AC2A00325BCE /* Build configuration list for PBXNativeTarget "autoCalenderTests" */;
			buildPhases = (
				84B894632B30AC2A00325BCE /* Sources */,
				84B894642B30AC2A00325BCE /* Frameworks */,
				84B894652B30AC2A00325BCE /* Resources */,
			);
			buildRules = (
			);
			dependencies = (
				84B894692B30AC2A00325BCE /* PBXTargetDependency */,
			);
			name = autoCalenderTests;
			productName = autoCalenderTests;
			productReference = 84B894672B30AC2A00325BCE /* autoCalenderTests.xctest */;
			productType = "com.apple.product-type.bundle.unit-test";
		};
		84B894702B30AC2A00325BCE /* autoCalenderUITests */ = {
			isa = PBXNativeTarget;
			buildConfigurationList = 84B894812B30AC2A00325BCE /* Build configuration list for PBXNativeTarget "autoCalenderUITests" */;
			buildPhases = (
				84B8946D2B30AC2A00325BCE /* Sources */,
				84B8946E2B30AC2A00325BCE /* Frameworks */,
				84B8946F2B30AC2A00325BCE /* Resources */,
			);
			buildRules = (
			);
			dependencies = (
				84B894732B30AC2A00325BCE /* PBXTargetDependency */,
			);
			name = autoCalenderUITests;
			productName = autoCalenderUITests;
			productReference = 84B894712B30AC2A00325BCE /* autoCalenderUITests.xctest */;
			productType = "com.apple.product-type.bundle.ui-testing";
		};
/* End PBXNativeTarget section */

/* Begin PBXProject section */
		84B8944D2B30AC2800325BCE /* Project object */ = {
			isa = PBXProject;
			attributes = {
				BuildIndependentTargetsInParallel = 1;
				LastSwiftUpdateCheck = 1500;
				LastUpgradeCheck = 1500;
				TargetAttributes = {
					84B894542B30AC2800325BCE = {
						CreatedOnToolsVersion = 15.0.1;
					};
					84B894662B30AC2A00325BCE = {
						CreatedOnToolsVersion = 15.0.1;
						TestTargetID = 84B894542B30AC2800325BCE;
					};
					84B894702B30AC2A00325BCE = {
						CreatedOnToolsVersion = 15.0.1;
						TestTargetID = 84B894542B30AC2800325BCE;
					};
				};
			};
			buildConfigurationList = 84B894502B30AC2800325BCE /* Build configuration list for PBXProject "autoCalender" */;
			compatibilityVersion = "Xcode 14.0";
			developmentRegion = en;
			hasScannedForEncodings = 0;
			knownRegions = (
				en,
				Base,
			);
			mainGroup = 84B8944C2B30AC2800325BCE;
			productRefGroup = 84B894562B30AC2800325BCE /* Products */;
			projectDirPath = "";
			projectRoot = "";
			targets = (
				84B894542B30AC2800325BCE /* autoCalender */,
				84B894662B30AC2A00325BCE /* autoCalenderTests */,
				84B894702B30AC2A00325BCE /* autoCalenderUITests */,
			);
		};
/* End PBXProject section */

/* Begin PBXResourcesBuildPhase section */
		84B894532B30AC2800325BCE /* Resources */ = {
			isa = PBXResourcesBuildPhase;
			buildActionMask = 2147483647;
			files = (
				84B894622B30AC2900325BCE /* Preview Assets.xcassets in Resources */,
				84B8945F2B30AC2900325BCE /* Assets.xcassets in Resources */,
			);
			runOnlyForDeploymentPostprocessing = 0;
		};
		84B894652B30AC2A00325BCE /* Resources */ = {
			isa = PBXResourcesBuildPhase;
			buildActionMask = 2147483647;
			files = (
			);
			runOnlyForDeploymentPostprocessing = 0;
		};
		84B8946F2B30AC2A00325BCE /* Resources */ = {
			isa = PBXResourcesBuildPhase;
			buildActionMask = 2147483647;
			files = (
			);
			runOnlyForDeploymentPostprocessing = 0;
		};
/* End PBXResourcesBuildPhase section */

/* Begin PBXSourcesBuildPhase section */
		84B894512B30AC2800325BCE /* Sources */ = {
			isa = PBXSourcesBuildPhase;
			buildActionMask = 2147483647;
			files = (
				84B8945B2B30AC2800325BCE /* ContentView.swift in Sources */,
				84B8945D2B30AC2800325BCE /* Item.swift in Sources */,
				84B894592B30AC2800325BCE /* autoCalenderApp.swift in Sources */,
			);
			runOnlyForDeploymentPostprocessing = 0;
		};
		84B894632B30AC2A00325BCE /* Sources */ = {
			isa = PBXSourcesBuildPhase;
			buildActionMask = 2147483647;
			files = (
				84B8946C2B30AC2A00325BCE /* autoCalenderTests.swift in Sources */,
			);
			runOnlyForDeploymentPostprocessing = 0;
		};
		84B8946D2B30AC2A00325BCE /* Sources */ = {
			isa = PBXSourcesBuildPhase;
			buildActionMask = 2147483647;
			files = (
				84B894762B30AC2A00325BCE /* autoCalenderUITests.swift in Sources */,
				84B894782B30AC2A00325BCE /* autoCalenderUITestsLaunchTests.swift in Sources */,
			);
			runOnlyForDeploymentPostprocessing = 0;
		};
/* End PBXSourcesBuildPhase section */

/* Begin PBXTargetDependency section */
		84B894692B30AC2A00325BCE /* PBXTargetDependency */ = {
			isa = PBXTargetDependency;
			target = 84B894542B30AC2800325BCE /* autoCalender */;
			targetProxy = 84B894682B30AC2A00325BCE /* PBXContainerItemProxy */;
		};
		84B894732B30AC2A00325BCE /* PBXTargetDependency */ = {
			isa = PBXTargetDependency;
			target = 84B894542B30AC2800325BCE /* autoCalender */;
			targetProxy = 84B894722B30AC2A00325BCE /* PBXContainerItemProxy */;
		};
/* End PBXTargetDependency section */

/* Begin XCBuildConfiguration section */
		84B894792B30AC2A00325BCE /* Debug */ = {
			isa = XCBuildConfiguration;
			buildSettings = {
				ALWAYS_SEARCH_USER_PATHS = NO;
				ASSETCATALOG_COMPILER_GENERATE_SWIFT_ASSET_SYMBOL_EXTENSIONS = YES;
				CLANG_ANALYZER_NONNULL = YES;
				CLANG_ANALYZER_NUMBER_OBJECT_CONVERSION = YES_AGGRESSIVE;
				CLANG_CXX_LANGUAGE_STANDARD = "gnu++20";
				CLANG_ENABLE_MODULES = YES;
				CLANG_ENABLE_OBJC_ARC = YES;
				CLANG_ENABLE_OBJC_WEAK = YES;
				CLANG_WARN_BLOCK_CAPTURE_AUTORELEASING = YES;
				CLANG_WARN_BOOL_CONVERSION = YES;
				CLANG_WARN_COMMA = YES;
				CLANG_WARN_CONSTANT_CONVERSION = YES;
				CLANG_WARN_DEPRECATED_OBJC_IMPLEMENTATIONS = YES;
				CLANG_WARN_DIRECT_OBJC_ISA_USAGE = YES_ERROR;
				CLANG_WARN_DOCUMENTATION_COMMENTS = YES;
				CLANG_WARN_EMPTY_BODY = YES;
				CLANG_WARN_ENUM_CONVERSION = YES;
				CLANG_WARN_INFINITE_RECURSION = YES;
				CLANG_WARN_INT_CONVERSION = YES;
				CLANG_WARN_NON_LITERAL_NULL_CONVERSION = YES;
				CLANG_WARN_OBJC_IMPLICIT_RETAIN_SELF = YES;
				CLANG_WARN_OBJC_LITERAL_CONVERSION = YES;
				CLANG_WARN_OBJC_ROOT_CLASS = YES_ERROR;
				CLANG_WARN_QUOTED_INCLUDE_IN_FRAMEWORK_HEADER = YES;
				CLANG_WARN_RANGE_LOOP_ANALYSIS = YES;
				CLANG_WARN_STRICT_PROTOTYPES = YES;
				CLANG_WARN_SUSPICIOUS_MOVE = YES;
				CLANG_WARN_UNGUARDED_AVAILABILITY = YES_AGGRESSIVE;
				CLANG_WARN_UNREACHABLE_CODE = YES;
				CLANG_WARN__DUPLICATE_METHOD_MATCH = YES;
				COPY_PHASE_STRIP = NO;
				DEBUG_INFORMATION_FORMAT = dwarf;
				ENABLE_STRICT_OBJC_MSGSEND = YES;
				ENABLE_TESTABILITY = YES;
				ENABLE_USER_SCRIPT_SANDBOXING = YES;
				GCC_C_LANGUAGE_STANDARD = gnu17;
				GCC_DYNAMIC_NO_PIC = NO;
				GCC_NO_COMMON_BLOCKS = YES;
				GCC_OPTIMIZATION_LEVEL = 0;
				GCC_PREPROCESSOR_DEFINITIONS = (
					"DEBUG=1",
					"$(inherited)",
				);
				GCC_WARN_64_TO_32_BIT_CONVERSION = YES;
				GCC_WARN_ABOUT_RETURN_TYPE = YES_ERROR;
				GCC_WARN_UNDECLARED_SELECTOR = YES;
				GCC_WARN_UNINITIALIZED_AUTOS = YES_AGGRESSIVE;
				GCC_WARN_UNUSED_FUNCTION = YES;
				GCC_WARN_UNUSED_VARIABLE = YES;
				IPHONEOS_DEPLOYMENT_TARGET = 17.0;
				LOCALIZATION_PREFERS_STRING_CATALOGS = YES;
				MTL_ENABLE_DEBUG_INFO = INCLUDE_SOURCE;
				MTL_FAST_MATH = YES;
				ONLY_ACTIVE_ARCH = YES;
				SDKROOT = iphoneos;
				SWIFT_ACTIVE_COMPILATION_CONDITIONS = "DEBUG $(inherited)";
				SWIFT_OPTIMIZATION_LEVEL = "-Onone";
			};
			name = Debug;
		};
		84B8947A2B30AC2A00325BCE /* Release */ = {
			isa = XCBuildConfiguration;
			buildSettings = {
				ALWAYS_SEARCH_USER_PATHS = NO;
				ASSETCATALOG_COMPILER_GENERATE_SWIFT_ASSET_SYMBOL_EXTENSIONS = YES;
				CLANG_ANALYZER_NONNULL = YES;
				CLANG_ANALYZER_NUMBER_OBJECT_CONVERSION = YES_AGGRESSIVE;
				CLANG_CXX_LANGUAGE_STANDARD = "gnu++20";
				CLANG_ENABLE_MODULES = YES;
				CLANG_ENABLE_OBJC_ARC = YES;
				CLANG_ENABLE_OBJC_WEAK = YES;
				CLANG_WARN_BLOCK_CAPTURE_AUTORELEASING = YES;
				CLANG_WARN_BOOL_CONVERSION = YES;
				CLANG_WARN_COMMA = YES;
				CLANG_WARN_CONSTANT_CONVERSION = YES;
				CLANG_WARN_DEPRECATED_OBJC_IMPLEMENTATIONS = YES;
				CLANG_WARN_DIRECT_OBJC_ISA_USAGE = YES_ERROR;
				CLANG_WARN_DOCUMENTATION_COMMENTS = YES;
				CLANG_WARN_EMPTY_BODY = YES;
				CLANG_WARN_ENUM_CONVERSION = YES;
				CLANG_WARN_INFINITE_RECURSION = YES;
				CLANG_WARN_INT_CONVERSION = YES;
				CLANG_WARN_NON_LITERAL_NULL_CONVERSION = YES;
				CLANG_WARN_OBJC_IMPLICIT_RETAIN_SELF = YES;
				CLANG_WARN_OBJC_LITERAL_CONVERSION = YES;
				CLANG_WARN_OBJC_ROOT_CLASS = YES_ERROR;
				CLANG_WARN_QUOTED_INCLUDE_IN_FRAMEWORK_HEADER = YES;
				CLANG_WARN_RANGE_LOOP_ANALYSIS = YES;
				CLANG_WARN_STRICT_PROTOTYPES = YES;
				CLANG_WARN_SUSPICIOUS_MOVE = YES;
				CLANG_WARN_UNGUARDED_AVAILABILITY = YES_AGGRESSIVE;
				CLANG_WARN_UNREACHABLE_CODE = YES;
				CLANG_WARN__DUPLICATE_METHOD_MATCH = YES;
				COPY_PHASE_STRIP = NO;
				DEBUG_INFORMATION_FORMAT = "dwarf-with-dsym";
				ENABLE_NS_ASSERTIONS = NO;
				ENABLE_STRICT_OBJC_MSGSEND = YES;
				ENABLE_USER_SCRIPT_SANDBOXING = YES;
				GCC_C_LANGUAGE_STANDARD = gnu17;
				GCC_NO_COMMON_BLOCKS = YES;
				GCC_WARN_64_TO_32_BIT_CONVERSION = YES;
				GCC_WARN_ABOUT_RETURN_TYPE = YES_ERROR;
				GCC_WARN_UNDECLARED_SELECTOR = YES;
				GCC_WARN_UNINITIALIZED_AUTOS = YES_AGGRESSIVE;
				GCC_WARN_UNUSED_FUNCTION = YES;
				GCC_WARN_UNUSED_VARIABLE = YES;
				IPHONEOS_DEPLOYMENT_TARGET = 17.0;
				LOCALIZATION_PREFERS_STRING_CATALOGS = YES;
				MTL_ENABLE_DEBUG_INFO = NO;
				MTL_FAST_MATH = YES;
				SDKROOT = iphoneos;
				SWIFT_COMPILATION_MODE = wholemodule;
				VALIDATE_PRODUCT = YES;
			};
			name = Release;
		};
		84B8947C2B30AC2A00325BCE /* Debug */ = {
			isa = XCBuildConfiguration;
			buildSettings = {
				ASSETCATALOG_COMPILER_APPICON_NAME = AppIcon;
				ASSETCATALOG_COMPILER_GLOBAL_ACCENT_COLOR_NAME = AccentColor;
				CODE_SIGN_STYLE = Automatic;
				CURRENT_PROJECT_VERSION = 1;
				DEVELOPMENT_ASSET_PATHS = "\"autoCalender/Preview Content\"";
				DEVELOPMENT_TEAM = XN4ZVC2F3W;
				ENABLE_PREVIEWS = YES;
				GENERATE_INFOPLIST_FILE = YES;
				INFOPLIST_KEY_UIApplicationSceneManifest_Generation = YES;
				INFOPLIST_KEY_UIApplicationSupportsIndirectInputEvents = YES;
				INFOPLIST_KEY_UILaunchScreen_Generation = YES;
				INFOPLIST_KEY_UISupportedInterfaceOrientations_iPad = "UIInterfaceOrientationPortrait UIInterfaceOrientationPortraitUpsideDown UIInterfaceOrientationLandscapeLeft UIInterfaceOrientationLandscapeRight";
				INFOPLIST_KEY_UISupportedInterfaceOrientations_iPhone = "UIInterfaceOrientationPortrait UIInterfaceOrientationLandscapeLeft UIInterfaceOrientationLandscapeRight";
				LD_RUNPATH_SEARCH_PATHS = (
					"$(inherited)",
					"@executable_path/Frameworks",
				);
				MARKETING_VERSION = 1.0;
				PRODUCT_BUNDLE_IDENTIFIER = personal.autoCalender;
				PRODUCT_NAME = "$(TARGET_NAME)";
				SWIFT_EMIT_LOC_STRINGS = YES;
				SWIFT_VERSION = 5.0;
				TARGETED_DEVICE_FAMILY = "1,2";
			};
			name = Debug;
		};
		84B8947D2B30AC2A00325BCE /* Release */ = {
			isa = XCBuildConfiguration;
			buildSettings = {
				ASSETCATALOG_COMPILER_APPICON_NAME = AppIcon;
				ASSETCATALOG_COMPILER_GLOBAL_ACCENT_COLOR_NAME = AccentColor;
				CODE_SIGN_STYLE = Automatic;
				CURRENT_PROJECT_VERSION = 1;
				DEVELOPMENT_ASSET_PATHS = "\"autoCalender/Preview Content\"";
				DEVELOPMENT_TEAM = XN4ZVC2F3W;
				ENABLE_PREVIEWS = YES;
				GENERATE_INFOPLIST_FILE = YES;
				INFOPLIST_KEY_UIApplicationSceneManifest_Generation = YES;
				INFOPLIST_KEY_UIApplicationSupportsIndirectInputEvents = YES;
				INFOPLIST_KEY_UILaunchScreen_Generation = YES;
				INFOPLIST_KEY_UISupportedInterfaceOrientations_iPad = "UIInterfaceOrientationPortrait UIInterfaceOrientationPortraitUpsideDown UIInterfaceOrientationLandscapeLeft UIInterfaceOrientationLandscapeRight";
				INFOPLIST_KEY_UISupportedInterfaceOrientations_iPhone = "UIInterfaceOrientationPortrait UIInterfaceOrientationLandscapeLeft UIInterfaceOrientationLandscapeRight";
				LD_RUNPATH_SEARCH_PATHS = (
					"$(inherited)",
					"@executable_path/Frameworks",
				);
				MARKETING_VERSION = 1.0;
				PRODUCT_BUNDLE_IDENTIFIER = personal.autoCalender;
				PRODUCT_NAME = "$(TARGET_NAME)";
				SWIFT_EMIT_LOC_STRINGS = YES;
				SWIFT_VERSION = 5.0;
				TARGETED_DEVICE_FAMILY = "1,2";
			};
			name = Release;
		};
		84B8947F2B30AC2A00325BCE /* Debug */ = {
			isa = XCBuildConfiguration;
			buildSettings = {
				ALWAYS_EMBED_SWIFT_STANDARD_LIBRARIES = YES;
				BUNDLE_LOADER = "$(TEST_HOST)";
				CODE_SIGN_STYLE = Automatic;
				CURRENT_PROJECT_VERSION = 1;
				DEVELOPMENT_TEAM = XN4ZVC2F3W;
				GENERATE_INFOPLIST_FILE = YES;
				IPHONEOS_DEPLOYMENT_TARGET = 17.0;
				MARKETING_VERSION = 1.0;
				PRODUCT_BUNDLE_IDENTIFIER = personal.autoCalenderTests;
				PRODUCT_NAME = "$(TARGET_NAME)";
				SWIFT_EMIT_LOC_STRINGS = NO;
				SWIFT_VERSION = 5.0;
				TARGETED_DEVICE_FAMILY = "1,2";
				TEST_HOST = "$(BUILT_PRODUCTS_DIR)/autoCalender.app/$(BUNDLE_EXECUTABLE_FOLDER_PATH)/autoCalender";
			};
			name = Debug;
		};
		84B894802B30AC2A00325BCE /* Release */ = {
			isa = XCBuildConfiguration;
			buildSettings = {
				ALWAYS_EMBED_SWIFT_STANDARD_LIBRARIES = YES;
				BUNDLE_LOADER = "$(TEST_HOST)";
				CODE_SIGN_STYLE = Automatic;
				CURRENT_PROJECT_VERSION = 1;
				DEVELOPMENT_TEAM = XN4ZVC2F3W;
				GENERATE_INFOPLIST_FILE = YES;
				IPHONEOS_DEPLOYMENT_TARGET = 17.0;
				MARKETING_VERSION = 1.0;
				PRODUCT_BUNDLE_IDENTIFIER = personal.autoCalenderTests;
				PRODUCT_NAME = "$(TARGET_NAME)";
				SWIFT_EMIT_LOC_STRINGS = NO;
				SWIFT_VERSION = 5.0;
				TARGETED_DEVICE_FAMILY = "1,2";
				TEST_HOST = "$(BUILT_PRODUCTS_DIR)/autoCalender.app/$(BUNDLE_EXECUTABLE_FOLDER_PATH)/autoCalender";
			};
			name = Release;
		};
		84B894822B30AC2A00325BCE /* Debug */ = {
			isa = XCBuildConfiguration;
			buildSettings = {
				ALWAYS_EMBED_SWIFT_STANDARD_LIBRARIES = YES;
				CODE_SIGN_STYLE = Automatic;
				CURRENT_PROJECT_VERSION = 1;
				DEVELOPMENT_TEAM = XN4ZVC2F3W;
				GENERATE_INFOPLIST_FILE = YES;
				MARKETING_VERSION = 1.0;
				PRODUCT_BUNDLE_IDENTIFIER = personal.autoCalenderUITests;
				PRODUCT_NAME = "$(TARGET_NAME)";
				SWIFT_EMIT_LOC_STRINGS = NO;
				SWIFT_VERSION = 5.0;
				TARGETED_DEVICE_FAMILY = "1,2";
				TEST_TARGET_NAME = autoCalender;
			};
			name = Debug;
		};
		84B894832B30AC2A00325BCE /* Release */ = {
			isa = XCBuildConfiguration;
			buildSettings = {
				ALWAYS_EMBED_SWIFT_STANDARD_LIBRARIES = YES;
				CODE_SIGN_STYLE = Automatic;
				CURRENT_PROJECT_VERSION = 1;
				DEVELOPMENT_TEAM = XN4ZVC2F3W;
				GENERATE_INFOPLIST_FILE = YES;
				MARKETING_VERSION = 1.0;
				PRODUCT_BUNDLE_IDENTIFIER = personal.autoCalenderUITests;
				PRODUCT_NAME = "$(TARGET_NAME)";
				SWIFT_EMIT_LOC_STRINGS = NO;
				SWIFT_VERSION = 5.0;
				TARGETED_DEVICE_FAMILY = "1,2";
				TEST_TARGET_NAME = autoCalender;
			};
			name = Release;
		};
/* End XCBuildConfiguration section */

/* Begin XCConfigurationList section */
		84B894502B30AC2800325BCE /* Build configuration list for PBXProject "autoCalender" */ = {
			isa = XCConfigurationList;
			buildConfigurations = (
				84B894792B30AC2A00325BCE /* Debug */,
				84B8947A2B30AC2A00325BCE /* Release */,
			);
			defaultConfigurationIsVisible = 0;
			defaultConfigurationName = Release;
		};
		84B8947B2B30AC2A00325BCE /* Build configuration list for PBXNativeTarget "autoCalender" */ = {
			isa = XCConfigurationList;
			buildConfigurations = (
				84B8947C2B30AC2A00325BCE /* Debug */,
				84B8947D2B30AC2A00325BCE /* Release */,
			);
			defaultConfigurationIsVisible = 0;
			defaultConfigurationName = Release;
		};
		84B8947E2B30AC2A00325BCE /* Build configuration list for PBXNativeTarget "autoCalenderTests" */ = {
			isa = XCConfigurationList;
			buildConfigurations = (
				84B8947F2B30AC2A00325BCE /* Debug */,
				84B894802B30AC2A00325BCE /* Release */,
			);
			defaultConfigurationIsVisible = 0;
			defaultConfigurationName = Release;
		};
		84B894812B30AC2A00325BCE /* Build configuration list for PBXNativeTarget "autoCalenderUITests" */ = {
			isa = XCConfigurationList;
			buildConfigurations = (
				84B894822B30AC2A00325BCE /* Debug */,
				84B894832B30AC2A00325BCE /* Release */,
			);
			defaultConfigurationIsVisible = 0;
			defaultConfigurationName = Release;
		};
/* End XCConfigurationList section */
	};
	rootObject = 84B8944D2B30AC2800325BCE /* Project object */;
}
